
Microsoft Visual Studio Solution File, Format Version 12.00
# Visual Studio Version 17
VisualStudioVersion = 17.2.32505.173
MinimumVisualStudioVersion = 10.0.40219.1
Project("{2150E333-8FDC-42A3-9474-1A3956D46DE8}") = "Solution Items", "Solution Items", "{51E6E025-F554-453A-8850-32378CA48C38}"
	ProjectSection(SolutionItems) = preProject
		.editorconfig = .editorconfig
		LICENSE = LICENSE
		README.md = README.md
	EndProjectSection
EndProject
Project("{9A19103F-16F7-4668-BE54-9A1E7A4F7556}") = "IdGen", "IdGen\IdGen.csproj", "{E6856E0A-523F-4451-9C95-621156A1B9F4}"
EndProject
Project("{7CF6DF6D-3B04-46F8-A40B-537D21BCA0B4}") = "IdGenDocumentation", "IdGenDocumentation\IdGenDocumentation.shfbproj", "{E2E02CC8-5CA2-4FA9-912F-3174152DE7D3}"
	ProjectSection(ProjectDependencies) = postProject
		{E6856E0A-523F-4451-9C95-621156A1B9F4} = {E6856E0A-523F-4451-9C95-621156A1B9F4}
		{651A0785-A880-4467-A92F-110C26F3FA28} = {651A0785-A880-4467-A92F-110C26F3FA28}
	EndProjectSection
EndProject
Project("{FAE04EC0-301F-11D3-BF4B-00C04F79EFBC}") = "IdGenTests", "IdGenTests\IdGenTests.csproj", "{12E4642B-A533-400C-987B-67B21DB80EC7}"
	ProjectSection(ProjectDependencies) = postProject
		{651A0785-A880-4467-A92F-110C26F3FA28} = {651A0785-A880-4467-A92F-110C26F3FA28}
	EndProjectSection
EndProject
Project("{9A19103F-16F7-4668-BE54-9A1E7A4F7556}") = "IdGen.Configuration", "IdGen.Configuration\IdGen.Configuration.csproj", "{651A0785-A880-4467-A92F-110C26F3FA28}"
EndProject
Project("{FAE04EC0-301F-11D3-BF4B-00C04F79EFBC}") = "IdGen.DependencyInjection", "IdGen.DependencyInjection\IdGen.DependencyInjection.csproj", "{ED1E5B28-18FA-475D-A0FC-6CB08CD05185}"
EndProject
Global
	GlobalSection(SolutionConfigurationPlatforms) = preSolution
		Debug|Any CPU = Debug|Any CPU
		Release|Any CPU = Release|Any CPU
	EndGlobalSection
	GlobalSection(ProjectConfigurationPlatforms) = postSolution
		{E6856E0A-523F-4451-9C95-621156A1B9F4}.Debug|Any CPU.ActiveCfg = Debug|Any CPU
		{E6856E0A-523F-4451-9C95-621156A1B9F4}.Debug|Any CPU.Build.0 = Debug|Any CPU
		{E6856E0A-523F-4451-9C95-621156A1B9F4}.Release|Any CPU.ActiveCfg = Release|Any CPU
		{E6856E0A-523F-4451-9C95-621156A1B9F4}.Release|Any CPU.Build.0 = Release|Any CPU
		{E2E02CC8-5CA2-4FA9-912F-3174152DE7D3}.Debug|Any CPU.ActiveCfg = Debug|Any CPU
		{E2E02CC8-5CA2-4FA9-912F-3174152DE7D3}.Release|Any CPU.ActiveCfg = Release|Any CPU
		{E2E02CC8-5CA2-4FA9-912F-3174152DE7D3}.Release|Any CPU.Build.0 = Release|Any CPU
		{12E4642B-A533-400C-987B-67B21DB80EC7}.Debug|Any CPU.ActiveCfg = Debug|Any CPU
		{12E4642B-A533-400C-987B-67B21DB80EC7}.Debug|Any CPU.Build.0 = Debug|Any CPU
		{12E4642B-A533-400C-987B-67B21DB80EC7}.Release|Any CPU.ActiveCfg = Release|Any CPU
		{12E4642B-A533-400C-987B-67B21DB80EC7}.Release|Any CPU.Build.0 = Release|Any CPU
		{651A0785-A880-4467-A92F-110C26F3FA28}.Debug|Any CPU.ActiveCfg = Debug|Any CPU
		{651A0785-A880-4467-A92F-110C26F3FA28}.Debug|Any CPU.Build.0 = Debug|Any CPU
		{651A0785-A880-4467-A92F-110C26F3FA28}.Release|Any CPU.ActiveCfg = Release|Any CPU
		{651A0785-A880-4467-A92F-110C26F3FA28}.Release|Any CPU.Build.0 = Release|Any CPU
		{ED1E5B28-18FA-475D-A0FC-6CB08CD05185}.Debug|Any CPU.ActiveCfg = Debug|Any CPU
		{ED1E5B28-18FA-475D-A0FC-6CB08CD05185}.Debug|Any CPU.Build.0 = Debug|Any CPU
		{ED1E5B28-18FA-475D-A0FC-6CB08CD05185}.Release|Any CPU.ActiveCfg = Release|Any CPU
		{ED1E5B28-18FA-475D-A0FC-6CB08CD05185}.Release|Any CPU.Build.0 = Release|Any CPU
	EndGlobalSection
	GlobalSection(SolutionProperties) = preSolution
		HideSolutionNode = FALSE
	EndGlobalSection
	GlobalSection(ExtensibilityGlobals) = postSolution
		SolutionGuid = {3930A92E-30EC-4792-974B-35A1FC81F06E}
	EndGlobalSection
EndGlobal
